
Microsoft Visual Studio Solution File, Format Version 12.00
# Visual Studio Version 17
VisualStudioVersion = 17.9.34723.18
MinimumVisualStudioVersion = 10.0.40219.1
Project("{9A19103F-16F7-4668-BE54-9A1E7A4F7556}") = "Transportation.Services", "Transportation.Services\Transportation.Services.csproj", "{6C5C8DCB-F504-4C5C-A333-D0F318807D77}"
EndProject
Project("{9A19103F-16F7-4668-BE54-9A1E7A4F7556}") = "Transportation.Interfaces", "Transportation.Interfaces\Transportation.Interfaces.csproj", "{59C228EA-A9B6-4C91-A678-1DD8DAC31DB7}"
EndProject
Project("{9A19103F-16F7-4668-BE54-9A1E7A4F7556}") = "Transportation.Core", "Transportation.Core\Transportation.Core.csproj", "{F40EA6E0-B85E-42D9-B619-A3A21D719386}"
EndProject
Project("{9A19103F-16F7-4668-BE54-9A1E7A4F7556}") = "Transportation.API", "Transportation.API\Transportation.API.csproj", "{8631AD78-2F4F-4C7E-83B5-8D571AD499E5}"
EndProject
Project("{9A19103F-16F7-4668-BE54-9A1E7A4F7556}") = "Transportation.Presentation", "Transportation.Presentation\Transportation.Presentation.csproj", "{4BD3672A-3901-4DD0-9549-E48513BB9229}"
EndProject
Global
	GlobalSection(SolutionConfigurationPlatforms) = preSolution
		Debug|Any CPU = Debug|Any CPU
		Release|Any CPU = Release|Any CPU
	EndGlobalSection
	GlobalSection(ProjectConfigurationPlatforms) = postSolution
		{6C5C8DCB-F504-4C5C-A333-D0F318807D77}.Debug|Any CPU.ActiveCfg = Debug|Any CPU
		{6C5C8DCB-F504-4C5C-A333-D0F318807D77}.Debug|Any CPU.Build.0 = Debug|Any CPU
		{6C5C8DCB-F504-4C5C-A333-D0F318807D77}.Release|Any CPU.ActiveCfg = Release|Any CPU
		{6C5C8DCB-F504-4C5C-A333-D0F318807D77}.Release|Any CPU.Build.0 = Release|Any CPU
		{59C228EA-A9B6-4C91-A678-1DD8DAC31DB7}.Debug|Any CPU.ActiveCfg = Debug|Any CPU
		{59C228EA-A9B6-4C91-A678-1DD8DAC31DB7}.Debug|Any CPU.Build.0 = Debug|Any CPU
		{59C228EA-A9B6-4C91-A678-1DD8DAC31DB7}.Release|Any CPU.ActiveCfg = Release|Any CPU
		{59C228EA-A9B6-4C91-A678-1DD8DAC31DB7}.Release|Any CPU.Build.0 = Release|Any CPU
		{F40EA6E0-B85E-42D9-B619-A3A21D719386}.Debug|Any CPU.ActiveCfg = Debug|Any CPU
		{F40EA6E0-B85E-42D9-B619-A3A21D719386}.Debug|Any CPU.Build.0 = Debug|Any CPU
		{F40EA6E0-B85E-42D9-B619-A3A21D719386}.Release|Any CPU.ActiveCfg = Release|Any CPU
		{F40EA6E0-B85E-42D9-B619-A3A21D719386}.Release|Any CPU.Build.0 = Release|Any CPU
		{8631AD78-2F4F-4C7E-83B5-8D571AD499E5}.Debug|Any CPU.ActiveCfg = Debug|Any CPU
		{8631AD78-2F4F-4C7E-83B5-8D571AD499E5}.Debug|Any CPU.Build.0 = Debug|Any CPU
		{8631AD78-2F4F-4C7E-83B5-8D571AD499E5}.Release|Any CPU.ActiveCfg = Release|Any CPU
		{8631AD78-2F4F-4C7E-83B5-8D571AD499E5}.Release|Any CPU.Build.0 = Release|Any CPU
		{4BD3672A-3901-4DD0-9549-E48513BB9229}.Debug|Any CPU.ActiveCfg = Debug|Any CPU
		{4BD3672A-3901-4DD0-9549-E48513BB9229}.Debug|Any CPU.Build.0 = Debug|Any CPU
		{4BD3672A-3901-4DD0-9549-E48513BB9229}.Release|Any CPU.ActiveCfg = Release|Any CPU
		{4BD3672A-3901-4DD0-9549-E48513BB9229}.Release|Any CPU.Build.0 = Release|Any CPU
	EndGlobalSection
	GlobalSection(SolutionProperties) = preSolution
		HideSolutionNode = FALSE
	EndGlobalSection
	GlobalSection(ExtensibilityGlobals) = postSolution
		SolutionGuid = {94BEA2A5-3E49-433C-8D77-0CF6299CA800}
	EndGlobalSection
EndGlobal
